// !$*UTF8*$!
{
	archiveVersion = 1;
	classes = {
	};
	objectVersion = 46;
	objects = {

/* Begin PBXBuildFile section */
		4C7E974334770B33833ACD0F /* libPods-bloodApp.a in Frameworks */ = {isa = PBXBuildFile; fileRef = B374573BC71E3E70ED40F585 /* libPods-bloodApp.a */; };
		C52AC04C1DC2006D004DE814 /* HomeViewController.m in Sources */ = {isa = PBXBuildFile; fileRef = C52AC04B1DC2006D004DE814 /* HomeViewController.m */; };
		C52AC04F1DC200AA004DE814 /* ProfileViewController.m in Sources */ = {isa = PBXBuildFile; fileRef = C52AC04E1DC200AA004DE814 /* ProfileViewController.m */; };
		C52AC0521DC200B6004DE814 /* MenuViewController.m in Sources */ = {isa = PBXBuildFile; fileRef = C52AC0511DC200B6004DE814 /* MenuViewController.m */; };
		C52AC0571DC20E2F004DE814 /* GFPageSlider.m in Sources */ = {isa = PBXBuildFile; fileRef = C52AC0561DC20E2F004DE814 /* GFPageSlider.m */; };
		C52AC05A1DC21C74004DE814 /* MenuCollectionViewCell.m in Sources */ = {isa = PBXBuildFile; fileRef = C52AC0591DC21C74004DE814 /* MenuCollectionViewCell.m */; };
		C52AC0631DC21F08004DE814 /* Adventure4.png in Resources */ = {isa = PBXBuildFile; fileRef = C52AC05D1DC21F07004DE814 /* Adventure4.png */; };
		C52AC0641DC21F08004DE814 /* flights4.png in Resources */ = {isa = PBXBuildFile; fileRef = C52AC05E1DC21F08004DE814 /* flights4.png */; };
		C52AC0651DC21F08004DE814 /* hostels4.png in Resources */ = {isa = PBXBuildFile; fileRef = C52AC05F1DC21F08004DE814 /* hostels4.png */; };
		C52AC0661DC21F08004DE814 /* rental4.png in Resources */ = {isa = PBXBuildFile; fileRef = C52AC0601DC21F08004DE814 /* rental4.png */; };
		C52AC0671DC21F08004DE814 /* shopping4.png in Resources */ = {isa = PBXBuildFile; fileRef = C52AC0611DC21F08004DE814 /* shopping4.png */; };
		C52AC0681DC21F08004DE814 /* wellness4.png in Resources */ = {isa = PBXBuildFile; fileRef = C52AC0621DC21F08004DE814 /* wellness4.png */; };
		C52AC06C1DC222D3004DE814 /* DonateViewController.m in Sources */ = {isa = PBXBuildFile; fileRef = C52AC06B1DC222D3004DE814 /* DonateViewController.m */; };
		C52AC06F1DC222E9004DE814 /* ScheduleAppointmentViewController.m in Sources */ = {isa = PBXBuildFile; fileRef = C52AC06E1DC222E9004DE814 /* ScheduleAppointmentViewController.m */; };
		C52AC0721DC2230C004DE814 /* HostDriveViewController.m in Sources */ = {isa = PBXBuildFile; fileRef = C52AC0711DC2230C004DE814 /* HostDriveViewController.m */; };
		C52AC0751DC22352004DE814 /* LoginViewController.m in Sources */ = {isa = PBXBuildFile; fileRef = C52AC0741DC22352004DE814 /* LoginViewController.m */; };
		C52AC0781DC22366004DE814 /* SignUpViewController.m in Sources */ = {isa = PBXBuildFile; fileRef = C52AC0771DC22366004DE814 /* SignUpViewController.m */; };
		C52AC07B1DC22374004DE814 /* WelcomeViewController.m in Sources */ = {isa = PBXBuildFile; fileRef = C52AC07A1DC22374004DE814 /* WelcomeViewController.m */; };
		C52AC07E1DC225DC004DE814 /* SearchDonorsViewController.m in Sources */ = {isa = PBXBuildFile; fileRef = C52AC07D1DC225DC004DE814 /* SearchDonorsViewController.m */; };
		C52AC0811DC225F0004DE814 /* SearchResultsViewController.m in Sources */ = {isa = PBXBuildFile; fileRef = C52AC0801DC225F0004DE814 /* SearchResultsViewController.m */; };
		C52AC0841DC225FD004DE814 /* NearByDonorsViewController.m in Sources */ = {isa = PBXBuildFile; fileRef = C52AC0831DC225FD004DE814 /* NearByDonorsViewController.m */; };
		C52AC0871DC229B2004DE814 /* OrganizeBloodDriveViewController.m in Sources */ = {isa = PBXBuildFile; fileRef = C52AC0861DC229B2004DE814 /* OrganizeBloodDriveViewController.m */; };
		C52AC08A1DC229D4004DE814 /* DonateFundsViewController.m in Sources */ = {isa = PBXBuildFile; fileRef = C52AC0891DC229D4004DE814 /* DonateFundsViewController.m */; };
		C52AC0901DC22A16004DE814 /* EventsViewController.m in Sources */ = {isa = PBXBuildFile; fileRef = C52AC08F1DC22A16004DE814 /* EventsViewController.m */; };
		C52AC0931DC22A25004DE814 /* AboutUsViewController.m in Sources */ = {isa = PBXBuildFile; fileRef = C52AC0921DC22A25004DE814 /* AboutUsViewController.m */; };
		C5EE51781DC1D980004BD326 /* main.m in Sources */ = {isa = PBXBuildFile; fileRef = C5EE51771DC1D980004BD326 /* main.m */; };
		C5EE517B1DC1D980004BD326 /* AppDelegate.m in Sources */ = {isa = PBXBuildFile; fileRef = C5EE517A1DC1D980004BD326 /* AppDelegate.m */; };
		C5EE517E1DC1D980004BD326 /* ViewController.m in Sources */ = {isa = PBXBuildFile; fileRef = C5EE517D1DC1D980004BD326 /* ViewController.m */; };
		C5EE51811DC1D980004BD326 /* Main.storyboard in Resources */ = {isa = PBXBuildFile; fileRef = C5EE517F1DC1D980004BD326 /* Main.storyboard */; };
		C5EE51831DC1D981004BD326 /* Assets.xcassets in Resources */ = {isa = PBXBuildFile; fileRef = C5EE51821DC1D981004BD326 /* Assets.xcassets */; };
		C5EE51861DC1D981004BD326 /* LaunchScreen.storyboard in Resources */ = {isa = PBXBuildFile; fileRef = C5EE51841DC1D981004BD326 /* LaunchScreen.storyboard */; };
/* End PBXBuildFile section */

/* Begin PBXFileReference section */
		6B011455758A18B139485AEA /* Pods-bloodApp.release.xcconfig */ = {isa = PBXFileReference; includeInIndex = 1; lastKnownFileType = text.xcconfig; name = "Pods-bloodApp.release.xcconfig"; path = "Pods/Target Support Files/Pods-bloodApp/Pods-bloodApp.release.xcconfig"; sourceTree = "<group>"; };
		A5593186F497BDBB11535731 /* Pods-bloodApp.debug.xcconfig */ = {isa = PBXFileReference; includeInIndex = 1; lastKnownFileType = text.xcconfig; name = "Pods-bloodApp.debug.xcconfig"; path = "Pods/Target Support Files/Pods-bloodApp/Pods-bloodApp.debug.xcconfig"; sourceTree = "<group>"; };
		B374573BC71E3E70ED40F585 /* libPods-bloodApp.a */ = {isa = PBXFileReference; explicitFileType = archive.ar; includeInIndex = 0; path = "libPods-bloodApp.a"; sourceTree = BUILT_PRODUCTS_DIR; };
		C52AC04A1DC2006D004DE814 /* HomeViewController.h */ = {isa = PBXFileReference; fileEncoding = 4; lastKnownFileType = sourcecode.c.h; name = HomeViewController.h; path = Controller/HomeViewController.h; sourceTree = "<group>"; };
		C52AC04B1DC2006D004DE814 /* HomeViewController.m */ = {isa = PBXFileReference; fileEncoding = 4; lastKnownFileType = sourcecode.c.objc; name = HomeViewController.m; path = Controller/HomeViewController.m; sourceTree = "<group>"; };
		C52AC04D1DC200AA004DE814 /* ProfileViewController.h */ = {isa = PBXFileReference; fileEncoding = 4; lastKnownFileType = sourcecode.c.h; path = ProfileViewController.h; sourceTree = "<group>"; };
		C52AC04E1DC200AA004DE814 /* ProfileViewController.m */ = {isa = PBXFileReference; fileEncoding = 4; lastKnownFileType = sourcecode.c.objc; path = ProfileViewController.m; sourceTree = "<group>"; };
		C52AC0501DC200B6004DE814 /* MenuViewController.h */ = {isa = PBXFileReference; fileEncoding = 4; lastKnownFileType = sourcecode.c.h; path = MenuViewController.h; sourceTree = "<group>"; };
		C52AC0511DC200B6004DE814 /* MenuViewController.m */ = {isa = PBXFileReference; fileEncoding = 4; lastKnownFileType = sourcecode.c.objc; path = MenuViewController.m; sourceTree = "<group>"; };
		C52AC0551DC20E2F004DE814 /* GFPageSlider.h */ = {isa = PBXFileReference; fileEncoding = 4; lastKnownFileType = sourcecode.c.h; path = GFPageSlider.h; sourceTree = "<group>"; };
		C52AC0561DC20E2F004DE814 /* GFPageSlider.m */ = {isa = PBXFileReference; fileEncoding = 4; lastKnownFileType = sourcecode.c.objc; path = GFPageSlider.m; sourceTree = "<group>"; };
		C52AC0581DC21C74004DE814 /* MenuCollectionViewCell.h */ = {isa = PBXFileReference; fileEncoding = 4; lastKnownFileType = sourcecode.c.h; name = MenuCollectionViewCell.h; path = View/MenuCollectionViewCell.h; sourceTree = "<group>"; };
		C52AC0591DC21C74004DE814 /* MenuCollectionViewCell.m */ = {isa = PBXFileReference; fileEncoding = 4; lastKnownFileType = sourcecode.c.objc; name = MenuCollectionViewCell.m; path = View/MenuCollectionViewCell.m; sourceTree = "<group>"; };
		C52AC05D1DC21F07004DE814 /* Adventure4.png */ = {isa = PBXFileReference; lastKnownFileType = image.png; path = Adventure4.png; sourceTree = "<group>"; };
		C52AC05E1DC21F08004DE814 /* flights4.png */ = {isa = PBXFileReference; lastKnownFileType = image.png; path = flights4.png; sourceTree = "<group>"; };
		C52AC05F1DC21F08004DE814 /* hostels4.png */ = {isa = PBXFileReference; lastKnownFileType = image.png; path = hostels4.png; sourceTree = "<group>"; };
		C52AC0601DC21F08004DE814 /* rental4.png */ = {isa = PBXFileReference; lastKnownFileType = image.png; path = rental4.png; sourceTree = "<group>"; };
		C52AC0611DC21F08004DE814 /* shopping4.png */ = {isa = PBXFileReference; lastKnownFileType = image.png; path = shopping4.png; sourceTree = "<group>"; };
		C52AC0621DC21F08004DE814 /* wellness4.png */ = {isa = PBXFileReference; lastKnownFileType = image.png; path = wellness4.png; sourceTree = "<group>"; };
		C52AC06A1DC222D3004DE814 /* DonateViewController.h */ = {isa = PBXFileReference; fileEncoding = 4; lastKnownFileType = sourcecode.c.h; path = DonateViewController.h; sourceTree = "<group>"; };
		C52AC06B1DC222D3004DE814 /* DonateViewController.m */ = {isa = PBXFileReference; fileEncoding = 4; lastKnownFileType = sourcecode.c.objc; path = DonateViewController.m; sourceTree = "<group>"; };
		C52AC06D1DC222E9004DE814 /* ScheduleAppointmentViewController.h */ = {isa = PBXFileReference; fileEncoding = 4; lastKnownFileType = sourcecode.c.h; name = ScheduleAppointmentViewController.h; path = GFPageSlider/ScheduleAppointmentViewController.h; sourceTree = "<group>"; };
		C52AC06E1DC222E9004DE814 /* ScheduleAppointmentViewController.m */ = {isa = PBXFileReference; fileEncoding = 4; lastKnownFileType = sourcecode.c.objc; name = ScheduleAppointmentViewController.m; path = GFPageSlider/ScheduleAppointmentViewController.m; sourceTree = "<group>"; };
		C52AC0701DC2230C004DE814 /* HostDriveViewController.h */ = {isa = PBXFileReference; fileEncoding = 4; lastKnownFileType = sourcecode.c.h; path = HostDriveViewController.h; sourceTree = "<group>"; };
		C52AC0711DC2230C004DE814 /* HostDriveViewController.m */ = {isa = PBXFileReference; fileEncoding = 4; lastKnownFileType = sourcecode.c.objc; path = HostDriveViewController.m; sourceTree = "<group>"; };
		C52AC0731DC22352004DE814 /* LoginViewController.h */ = {isa = PBXFileReference; fileEncoding = 4; lastKnownFileType = sourcecode.c.h; path = LoginViewController.h; sourceTree = "<group>"; };
		C52AC0741DC22352004DE814 /* LoginViewController.m */ = {isa = PBXFileReference; fileEncoding = 4; lastKnownFileType = sourcecode.c.objc; path = LoginViewController.m; sourceTree = "<group>"; };
		C52AC0761DC22366004DE814 /* SignUpViewController.h */ = {isa = PBXFileReference; fileEncoding = 4; lastKnownFileType = sourcecode.c.h; path = SignUpViewController.h; sourceTree = "<group>"; };
		C52AC0771DC22366004DE814 /* SignUpViewController.m */ = {isa = PBXFileReference; fileEncoding = 4; lastKnownFileType = sourcecode.c.objc; path = SignUpViewController.m; sourceTree = "<group>"; };
		C52AC0791DC22374004DE814 /* WelcomeViewController.h */ = {isa = PBXFileReference; fileEncoding = 4; lastKnownFileType = sourcecode.c.h; path = WelcomeViewController.h; sourceTree = "<group>"; };
		C52AC07A1DC22374004DE814 /* WelcomeViewController.m */ = {isa = PBXFileReference; fileEncoding = 4; lastKnownFileType = sourcecode.c.objc; path = WelcomeViewController.m; sourceTree = "<group>"; };
		C52AC07C1DC225DC004DE814 /* SearchDonorsViewController.h */ = {isa = PBXFileReference; fileEncoding = 4; lastKnownFileType = sourcecode.c.h; path = SearchDonorsViewController.h; sourceTree = "<group>"; };
		C52AC07D1DC225DC004DE814 /* SearchDonorsViewController.m */ = {isa = PBXFileReference; fileEncoding = 4; lastKnownFileType = sourcecode.c.objc; path = SearchDonorsViewController.m; sourceTree = "<group>"; };
		C52AC07F1DC225F0004DE814 /* SearchResultsViewController.h */ = {isa = PBXFileReference; fileEncoding = 4; lastKnownFileType = sourcecode.c.h; path = SearchResultsViewController.h; sourceTree = "<group>"; };
		C52AC0801DC225F0004DE814 /* SearchResultsViewController.m */ = {isa = PBXFileReference; fileEncoding = 4; lastKnownFileType = sourcecode.c.objc; path = SearchResultsViewController.m; sourceTree = "<group>"; };
		C52AC0821DC225FD004DE814 /* NearByDonorsViewController.h */ = {isa = PBXFileReference; fileEncoding = 4; lastKnownFileType = sourcecode.c.h; path = NearByDonorsViewController.h; sourceTree = "<group>"; };
		C52AC0831DC225FD004DE814 /* NearByDonorsViewController.m */ = {isa = PBXFileReference; fileEncoding = 4; lastKnownFileType = sourcecode.c.objc; path = NearByDonorsViewController.m; sourceTree = "<group>"; };
		C52AC0851DC229B2004DE814 /* OrganizeBloodDriveViewController.h */ = {isa = PBXFileReference; fileEncoding = 4; lastKnownFileType = sourcecode.c.h; path = OrganizeBloodDriveViewController.h; sourceTree = "<group>"; };
		C52AC0861DC229B2004DE814 /* OrganizeBloodDriveViewController.m */ = {isa = PBXFileReference; fileEncoding = 4; lastKnownFileType = sourcecode.c.objc; path = OrganizeBloodDriveViewController.m; sourceTree = "<group>"; };
		C52AC0881DC229D4004DE814 /* DonateFundsViewController.h */ = {isa = PBXFileReference; fileEncoding = 4; lastKnownFileType = sourcecode.c.h; path = DonateFundsViewController.h; sourceTree = "<group>"; };
		C52AC0891DC229D4004DE814 /* DonateFundsViewController.m */ = {isa = PBXFileReference; fileEncoding = 4; lastKnownFileType = sourcecode.c.objc; path = DonateFundsViewController.m; sourceTree = "<group>"; };
		C52AC08E1DC22A16004DE814 /* EventsViewController.h */ = {isa = PBXFileReference; fileEncoding = 4; lastKnownFileType = sourcecode.c.h; path = EventsViewController.h; sourceTree = "<group>"; };
		C52AC08F1DC22A16004DE814 /* EventsViewController.m */ = {isa = PBXFileReference; fileEncoding = 4; lastKnownFileType = sourcecode.c.objc; path = EventsViewController.m; sourceTree = "<group>"; };
		C52AC0911DC22A25004DE814 /* AboutUsViewController.h */ = {isa = PBXFileReference; fileEncoding = 4; lastKnownFileType = sourcecode.c.h; path = AboutUsViewController.h; sourceTree = "<group>"; };
		C52AC0921DC22A25004DE814 /* AboutUsViewController.m */ = {isa = PBXFileReference; fileEncoding = 4; lastKnownFileType = sourcecode.c.objc; path = AboutUsViewController.m; sourceTree = "<group>"; };
		C5EE51731DC1D97D004BD326 /* bloodApp.app */ = {isa = PBXFileReference; explicitFileType = wrapper.application; includeInIndex = 0; path = bloodApp.app; sourceTree = BUILT_PRODUCTS_DIR; };
		C5EE51771DC1D980004BD326 /* main.m */ = {isa = PBXFileReference; lastKnownFileType = sourcecode.c.objc; path = main.m; sourceTree = "<group>"; };
		C5EE51791DC1D980004BD326 /* AppDelegate.h */ = {isa = PBXFileReference; lastKnownFileType = sourcecode.c.h; path = AppDelegate.h; sourceTree = "<group>"; };
		C5EE517A1DC1D980004BD326 /* AppDelegate.m */ = {isa = PBXFileReference; lastKnownFileType = sourcecode.c.objc; path = AppDelegate.m; sourceTree = "<group>"; };
		C5EE517C1DC1D980004BD326 /* ViewController.h */ = {isa = PBXFileReference; lastKnownFileType = sourcecode.c.h; path = ViewController.h; sourceTree = "<group>"; };
		C5EE517D1DC1D980004BD326 /* ViewController.m */ = {isa = PBXFileReference; lastKnownFileType = sourcecode.c.objc; path = ViewController.m; sourceTree = "<group>"; };
		C5EE51801DC1D980004BD326 /* Base */ = {isa = PBXFileReference; lastKnownFileType = file.storyboard; name = Base; path = Base.lproj/Main.storyboard; sourceTree = "<group>"; };
		C5EE51821DC1D981004BD326 /* Assets.xcassets */ = {isa = PBXFileReference; lastKnownFileType = folder.assetcatalog; path = Assets.xcassets; sourceTree = "<group>"; };
		C5EE51851DC1D981004BD326 /* Base */ = {isa = PBXFileReference; lastKnownFileType = file.storyboard; name = Base; path = Base.lproj/LaunchScreen.storyboard; sourceTree = "<group>"; };
		C5EE51871DC1D981004BD326 /* Info.plist */ = {isa = PBXFileReference; lastKnownFileType = text.plist.xml; path = Info.plist; sourceTree = "<group>"; };
/* End PBXFileReference section */

/* Begin PBXFrameworksBuildPhase section */
		C5EE51701DC1D97C004BD326 /* Frameworks */ = {
			isa = PBXFrameworksBuildPhase;
			buildActionMask = 2147483647;
			files = (
				4C7E974334770B33833ACD0F /* libPods-bloodApp.a in Frameworks */,
			);
			runOnlyForDeploymentPostprocessing = 0;
		};
/* End PBXFrameworksBuildPhase section */

/* Begin PBXGroup section */
		1ECEECE0BED85633F8AA17ED /* Pods */ = {
			isa = PBXGroup;
			children = (
				A5593186F497BDBB11535731 /* Pods-bloodApp.debug.xcconfig */,
				6B011455758A18B139485AEA /* Pods-bloodApp.release.xcconfig */,
			);
			name = Pods;
			sourceTree = "<group>";
		};
		4B9B97BCEF2FBC69CBD6981E /* Frameworks */ = {
			isa = PBXGroup;
			children = (
				B374573BC71E3E70ED40F585 /* libPods-bloodApp.a */,
			);
			name = Frameworks;
			sourceTree = "<group>";
		};
		C52AC0531DC200C1004DE814 /* Controllers */ = {
			isa = PBXGroup;
			children = (
				C52AC0911DC22A25004DE814 /* AboutUsViewController.h */,
				C52AC0921DC22A25004DE814 /* AboutUsViewController.m */,
				C52AC08E1DC22A16004DE814 /* EventsViewController.h */,
				C52AC08F1DC22A16004DE814 /* EventsViewController.m */,
				C52AC0851DC229B2004DE814 /* OrganizeBloodDriveViewController.h */,
				C52AC0861DC229B2004DE814 /* OrganizeBloodDriveViewController.m */,
				C52AC0881DC229D4004DE814 /* DonateFundsViewController.h */,
				C52AC0891DC229D4004DE814 /* DonateFundsViewController.m */,
				C52AC07C1DC225DC004DE814 /* SearchDonorsViewController.h */,
				C52AC07D1DC225DC004DE814 /* SearchDonorsViewController.m */,
				C52AC07F1DC225F0004DE814 /* SearchResultsViewController.h */,
				C52AC0801DC225F0004DE814 /* SearchResultsViewController.m */,
				C52AC0821DC225FD004DE814 /* NearByDonorsViewController.h */,
				C52AC0831DC225FD004DE814 /* NearByDonorsViewController.m */,
				C52AC0761DC22366004DE814 /* SignUpViewController.h */,
				C52AC0771DC22366004DE814 /* SignUpViewController.m */,
				C52AC0791DC22374004DE814 /* WelcomeViewController.h */,
				C52AC07A1DC22374004DE814 /* WelcomeViewController.m */,
				C52AC06D1DC222E9004DE814 /* ScheduleAppointmentViewController.h */,
				C52AC06E1DC222E9004DE814 /* ScheduleAppointmentViewController.m */,
				C52AC06A1DC222D3004DE814 /* DonateViewController.h */,
				C52AC06B1DC222D3004DE814 /* DonateViewController.m */,
				C52AC04A1DC2006D004DE814 /* HomeViewController.h */,
				C52AC04B1DC2006D004DE814 /* HomeViewController.m */,
				C52AC04D1DC200AA004DE814 /* ProfileViewController.h */,
				C52AC04E1DC200AA004DE814 /* ProfileViewController.m */,
				C52AC0501DC200B6004DE814 /* MenuViewController.h */,
				C52AC0511DC200B6004DE814 /* MenuViewController.m */,
				C52AC0701DC2230C004DE814 /* HostDriveViewController.h */,
				C52AC0711DC2230C004DE814 /* HostDriveViewController.m */,
				C52AC0731DC22352004DE814 /* LoginViewController.h */,
				C52AC0741DC22352004DE814 /* LoginViewController.m */,
			);
			name = Controllers;
			sourceTree = "<group>";
		};
		C52AC0541DC20E2F004DE814 /* GFPageSlider */ = {
			isa = PBXGroup;
			children = (
				C52AC0551DC20E2F004DE814 /* GFPageSlider.h */,
				C52AC0561DC20E2F004DE814 /* GFPageSlider.m */,
			);
			path = GFPageSlider;
			sourceTree = "<group>";
		};
		C52AC05C1DC21C87004DE814 /* Views */ = {
			isa = PBXGroup;
			children = (
				C52AC0581DC21C74004DE814 /* MenuCollectionViewCell.h */,
				C52AC0591DC21C74004DE814 /* MenuCollectionViewCell.m */,
			);
			name = Views;
			sourceTree = "<group>";
		};
		C52AC0691DC21F0E004DE814 /* Images */ = {
			isa = PBXGroup;
			children = (
				C52AC05D1DC21F07004DE814 /* Adventure4.png */,
				C52AC05E1DC21F08004DE814 /* flights4.png */,
				C52AC05F1DC21F08004DE814 /* hostels4.png */,
				C52AC0601DC21F08004DE814 /* rental4.png */,
				C52AC0611DC21F08004DE814 /* shopping4.png */,
				C52AC0621DC21F08004DE814 /* wellness4.png */,
			);
			name = Images;
			sourceTree = "<group>";
		};
		C5EE516A1DC1D97B004BD326 = {
			isa = PBXGroup;
			children = (
				C5EE51751DC1D97F004BD326 /* bloodApp */,
				C5EE51741DC1D97D004BD326 /* Products */,
				1ECEECE0BED85633F8AA17ED /* Pods */,
				4B9B97BCEF2FBC69CBD6981E /* Frameworks */,
			);
			sourceTree = "<group>";
		};
		C5EE51741DC1D97D004BD326 /* Products */ = {
			isa = PBXGroup;
			children = (
				C5EE51731DC1D97D004BD326 /* bloodApp.app */,
			);
			name = Products;
			sourceTree = "<group>";
		};
		C5EE51751DC1D97F004BD326 /* bloodApp */ = {
			isa = PBXGroup;
			children = (
				C52AC05C1DC21C87004DE814 /* Views */,
				C52AC0541DC20E2F004DE814 /* GFPageSlider */,
				C52AC0531DC200C1004DE814 /* Controllers */,
				C5EE51791DC1D980004BD326 /* AppDelegate.h */,
				C5EE517A1DC1D980004BD326 /* AppDelegate.m */,
				C5EE517C1DC1D980004BD326 /* ViewController.h */,
				C5EE517D1DC1D980004BD326 /* ViewController.m */,
				C5EE517F1DC1D980004BD326 /* Main.storyboard */,
				C5EE51821DC1D981004BD326 /* Assets.xcassets */,
				C52AC0691DC21F0E004DE814 /* Images */,
				C5EE51841DC1D981004BD326 /* LaunchScreen.storyboard */,
				C5EE51871DC1D981004BD326 /* Info.plist */,
				C5EE51761DC1D980004BD326 /* Supporting Files */,
			);
			path = bloodApp;
			sourceTree = "<group>";
		};
		C5EE51761DC1D980004BD326 /* Supporting Files */ = {
			isa = PBXGroup;
			children = (
				C5EE51771DC1D980004BD326 /* main.m */,
			);
			name = "Supporting Files";
			sourceTree = "<group>";
		};
/* End PBXGroup section */

/* Begin PBXNativeTarget section */
		C5EE51721DC1D97C004BD326 /* bloodApp */ = {
			isa = PBXNativeTarget;
			buildConfigurationList = C5EE518A1DC1D981004BD326 /* Build configuration list for PBXNativeTarget "bloodApp" */;
			buildPhases = (
				2E41D7074B21FC6F51FC73A7 /* [CP] Check Pods Manifest.lock */,
				C5EE516F1DC1D97C004BD326 /* Sources */,
				C5EE51701DC1D97C004BD326 /* Frameworks */,
				C5EE51711DC1D97C004BD326 /* Resources */,
				7B6C828E9E07F892EE565FCE /* [CP] Embed Pods Frameworks */,
				6FB90ADC9DBF889BF66FCEB5 /* [CP] Copy Pods Resources */,
			);
			buildRules = (
			);
			dependencies = (
			);
			name = bloodApp;
			productName = bloodApp;
			productReference = C5EE51731DC1D97D004BD326 /* bloodApp.app */;
			productType = "com.apple.product-type.application";
		};
/* End PBXNativeTarget section */

/* Begin PBXProject section */
		C5EE516B1DC1D97B004BD326 /* Project object */ = {
			isa = PBXProject;
			attributes = {
				LastUpgradeCheck = 0730;
				ORGANIZATIONNAME = Unitybees;
				TargetAttributes = {
					C5EE51721DC1D97C004BD326 = {
						CreatedOnToolsVersion = 7.3.1;
					};
				};
			};
			buildConfigurationList = C5EE516E1DC1D97B004BD326 /* Build configuration list for PBXProject "bloodApp" */;
			compatibilityVersion = "Xcode 3.2";
			developmentRegion = English;
			hasScannedForEncodings = 0;
			knownRegions = (
				en,
				Base,
			);
			mainGroup = C5EE516A1DC1D97B004BD326;
			productRefGroup = C5EE51741DC1D97D004BD326 /* Products */;
			projectDirPath = "";
			projectRoot = "";
			targets = (
				C5EE51721DC1D97C004BD326 /* bloodApp */,
			);
		};
/* End PBXProject section */

/* Begin PBXResourcesBuildPhase section */
		C5EE51711DC1D97C004BD326 /* Resources */ = {
			isa = PBXResourcesBuildPhase;
			buildActionMask = 2147483647;
			files = (
				C5EE51861DC1D981004BD326 /* LaunchScreen.storyboard in Resources */,
				C5EE51831DC1D981004BD326 /* Assets.xcassets in Resources */,
				C5EE51811DC1D980004BD326 /* Main.storyboard in Resources */,
				C52AC0661DC21F08004DE814 /* rental4.png in Resources */,
				C52AC0681DC21F08004DE814 /* wellness4.png in Resources */,
				C52AC0671DC21F08004DE814 /* shopping4.png in Resources */,
				C52AC0651DC21F08004DE814 /* hostels4.png in Resources */,
				C52AC0641DC21F08004DE814 /* flights4.png in Resources */,
				C52AC0631DC21F08004DE814 /* Adventure4.png in Resources */,
			);
			runOnlyForDeploymentPostprocessing = 0;
		};
/* End PBXResourcesBuildPhase section */

/* Begin PBXShellScriptBuildPhase section */
		2E41D7074B21FC6F51FC73A7 /* [CP] Check Pods Manifest.lock */ = {
			isa = PBXShellScriptBuildPhase;
			buildActionMask = 2147483647;
			files = (
			);
			inputPaths = (
			);
			name = "[CP] Check Pods Manifest.lock";
			outputPaths = (
			);
			runOnlyForDeploymentPostprocessing = 0;
			shellPath = /bin/sh;
			shellScript = "diff \"${PODS_ROOT}/../Podfile.lock\" \"${PODS_ROOT}/Manifest.lock\" > /dev/null\nif [[ $? != 0 ]] ; then\n    cat << EOM\nerror: The sandbox is not in sync with the Podfile.lock. Run 'pod install' or update your CocoaPods installation.\nEOM\n    exit 1\nfi\n";
			showEnvVarsInLog = 0;
		};
		6FB90ADC9DBF889BF66FCEB5 /* [CP] Copy Pods Resources */ = {
			isa = PBXShellScriptBuildPhase;
			buildActionMask = 2147483647;
			files = (
			);
			inputPaths = (
			);
			name = "[CP] Copy Pods Resources";
			outputPaths = (
			);
			runOnlyForDeploymentPostprocessing = 0;
			shellPath = /bin/sh;
			shellScript = "\"${SRCROOT}/Pods/Target Support Files/Pods-bloodApp/Pods-bloodApp-resources.sh\"\n";
			showEnvVarsInLog = 0;
		};
		7B6C828E9E07F892EE565FCE /* [CP] Embed Pods Frameworks */ = {
			isa = PBXShellScriptBuildPhase;
			buildActionMask = 2147483647;
			files = (
			);
			inputPaths = (
			);
			name = "[CP] Embed Pods Frameworks";
			outputPaths = (
			);
			runOnlyForDeploymentPostprocessing = 0;
			shellPath = /bin/sh;
			shellScript = "\"${SRCROOT}/Pods/Target Support Files/Pods-bloodApp/Pods-bloodApp-frameworks.sh\"\n";
			showEnvVarsInLog = 0;
		};
/* End PBXShellScriptBuildPhase section */

/* Begin PBXSourcesBuildPhase section */
		C5EE516F1DC1D97C004BD326 /* Sources */ = {
			isa = PBXSourcesBuildPhase;
			buildActionMask = 2147483647;
			files = (
				C52AC07E1DC225DC004DE814 /* SearchDonorsViewController.m in Sources */,
				C52AC0901DC22A16004DE814 /* EventsViewController.m in Sources */,
				C52AC0931DC22A25004DE814 /* AboutUsViewController.m in Sources */,
				C5EE517E1DC1D980004BD326 /* ViewController.m in Sources */,
				C52AC0521DC200B6004DE814 /* MenuViewController.m in Sources */,
				C5EE517B1DC1D980004BD326 /* AppDelegate.m in Sources */,
				C5EE51781DC1D980004BD326 /* main.m in Sources */,
				C52AC0841DC225FD004DE814 /* NearByDonorsViewController.m in Sources */,
				C52AC06C1DC222D3004DE814 /* DonateViewController.m in Sources */,
				C52AC07B1DC22374004DE814 /* WelcomeViewController.m in Sources */,
				C52AC06F1DC222E9004DE814 /* ScheduleAppointmentViewController.m in Sources */,
				C52AC04C1DC2006D004DE814 /* HomeViewController.m in Sources */,
				C52AC0571DC20E2F004DE814 /* GFPageSlider.m in Sources */,
				C52AC0751DC22352004DE814 /* LoginViewController.m in Sources */,
				C52AC04F1DC200AA004DE814 /* ProfileViewController.m in Sources */,
				C52AC05A1DC21C74004DE814 /* MenuCollectionViewCell.m in Sources */,
				C52AC08A1DC229D4004DE814 /* DonateFundsViewController.m in Sources */,
				C52AC0781DC22366004DE814 /* SignUpViewController.m in Sources */,
				C52AC0871DC229B2004DE814 /* OrganizeBloodDriveViewController.m in Sources */,
				C52AC0721DC2230C004DE814 /* HostDriveViewController.m in Sources */,
				C52AC0811DC225F0004DE814 /* SearchResultsViewController.m in Sources */,
			);
			runOnlyForDeploymentPostprocessing = 0;
		};
/* End PBXSourcesBuildPhase section */

/* Begin PBXVariantGroup section */
		C5EE517F1DC1D980004BD326 /* Main.storyboard */ = {
			isa = PBXVariantGroup;
			children = (
				C5EE51801DC1D980004BD326 /* Base */,
			);
			name = Main.storyboard;
			sourceTree = "<group>";
		};
		C5EE51841DC1D981004BD326 /* LaunchScreen.storyboard */ = {
			isa = PBXVariantGroup;
			children = (
				C5EE51851DC1D981004BD326 /* Base */,
			);
			name = LaunchScreen.storyboard;
			sourceTree = "<group>";
		};
/* End PBXVariantGroup section */

/* Begin XCBuildConfiguration section */
		C5EE51881DC1D981004BD326 /* Debug */ = {
			isa = XCBuildConfiguration;
			buildSettings = {
				ALWAYS_SEARCH_USER_PATHS = NO;
				CLANG_ANALYZER_NONNULL = YES;
				CLANG_CXX_LANGUAGE_STANDARD = "gnu++0x";
				CLANG_CXX_LIBRARY = "libc++";
				CLANG_ENABLE_MODULES = YES;
				CLANG_ENABLE_OBJC_ARC = YES;
				CLANG_WARN_BOOL_CONVERSION = YES;
				CLANG_WARN_CONSTANT_CONVERSION = YES;
				CLANG_WARN_DIRECT_OBJC_ISA_USAGE = YES_ERROR;
				CLANG_WARN_EMPTY_BODY = YES;
				CLANG_WARN_ENUM_CONVERSION = YES;
				CLANG_WARN_INT_CONVERSION = YES;
				CLANG_WARN_OBJC_ROOT_CLASS = YES_ERROR;
				CLANG_WARN_UNREACHABLE_CODE = YES;
				CLANG_WARN__DUPLICATE_METHOD_MATCH = YES;
				"CODE_SIGN_IDENTITY[sdk=iphoneos*]" = "iPhone Developer";
				COPY_PHASE_STRIP = NO;
				DEBUG_INFORMATION_FORMAT = dwarf;
				ENABLE_STRICT_OBJC_MSGSEND = YES;
				ENABLE_TESTABILITY = YES;
				GCC_C_LANGUAGE_STANDARD = gnu99;
				GCC_DYNAMIC_NO_PIC = NO;
				GCC_NO_COMMON_BLOCKS = YES;
				GCC_OPTIMIZATION_LEVEL = 0;
				GCC_PREPROCESSOR_DEFINITIONS = (
					"DEBUG=1",
					"$(inherited)",
				);
				GCC_WARN_64_TO_32_BIT_CONVERSION = YES;
				GCC_WARN_ABOUT_RETURN_TYPE = YES_ERROR;
				GCC_WARN_UNDECLARED_SELECTOR = YES;
				GCC_WARN_UNINITIALIZED_AUTOS = YES_AGGRESSIVE;
				GCC_WARN_UNUSED_FUNCTION = YES;
				GCC_WARN_UNUSED_VARIABLE = YES;
				IPHONEOS_DEPLOYMENT_TARGET = 9.3;
				MTL_ENABLE_DEBUG_INFO = YES;
				ONLY_ACTIVE_ARCH = YES;
				SDKROOT = iphoneos;
				TARGETED_DEVICE_FAMILY = "1,2";
			};
			name = Debug;
		};
		C5EE51891DC1D981004BD326 /* Release */ = {
			isa = XCBuildConfiguration;
			buildSettings = {
				ALWAYS_SEARCH_USER_PATHS = NO;
				CLANG_ANALYZER_NONNULL = YES;
				CLANG_CXX_LANGUAGE_STANDARD = "gnu++0x";
				CLANG_CXX_LIBRARY = "libc++";
				CLANG_ENABLE_MODULES = YES;
				CLANG_ENABLE_OBJC_ARC = YES;
				CLANG_WARN_BOOL_CONVERSION = YES;
				CLANG_WARN_CONSTANT_CONVERSION = YES;
				CLANG_WARN_DIRECT_OBJC_ISA_USAGE = YES_ERROR;
				CLANG_WARN_EMPTY_BODY = YES;
				CLANG_WARN_ENUM_CONVERSION = YES;
				CLANG_WARN_INT_CONVERSION = YES;
				CLANG_WARN_OBJC_ROOT_CLASS = YES_ERROR;
				CLANG_WARN_UNREACHABLE_CODE = YES;
				CLANG_WARN__DUPLICATE_METHOD_MATCH = YES;
				"CODE_SIGN_IDENTITY[sdk=iphoneos*]" = "iPhone Developer";
				COPY_PHASE_STRIP = NO;
				DEBUG_INFORMATION_FORMAT = "dwarf-with-dsym";
				ENABLE_NS_ASSERTIONS = NO;
				ENABLE_STRICT_OBJC_MSGSEND = YES;
				GCC_C_LANGUAGE_STANDARD = gnu99;
				GCC_NO_COMMON_BLOCKS = YES;
				GCC_WARN_64_TO_32_BIT_CONVERSION = YES;
				GCC_WARN_ABOUT_RETURN_TYPE = YES_ERROR;
				GCC_WARN_UNDECLARED_SELECTOR = YES;
				GCC_WARN_UNINITIALIZED_AUTOS = YES_AGGRESSIVE;
				GCC_WARN_UNUSED_FUNCTION = YES;
				GCC_WARN_UNUSED_VARIABLE = YES;
				IPHONEOS_DEPLOYMENT_TARGET = 9.3;
				MTL_ENABLE_DEBUG_INFO = NO;
				SDKROOT = iphoneos;
				TARGETED_DEVICE_FAMILY = "1,2";
				VALIDATE_PRODUCT = YES;
			};
			name = Release;
		};
		C5EE518B1DC1D981004BD326 /* Debug */ = {
			isa = XCBuildConfiguration;
			baseConfigurationReference = A5593186F497BDBB11535731 /* Pods-bloodApp.debug.xcconfig */;
			buildSettings = {
				ASSETCATALOG_COMPILER_APPICON_NAME = AppIcon;
				INFOPLIST_FILE = bloodApp/Info.plist;
				LD_RUNPATH_SEARCH_PATHS = "$(inherited) @executable_path/Frameworks";
				PRODUCT_BUNDLE_IDENTIFIER = com.unitybees.bloodApp;
				PRODUCT_NAME = "$(TARGET_NAME)";
			};
			name = Debug;
		};
		C5EE518C1DC1D981004BD326 /* Release */ = {
			isa = XCBuildConfiguration;
			baseConfigurationReference = 6B011455758A18B139485AEA /* Pods-bloodApp.release.xcconfig */;
			buildSettings = {
				ASSETCATALOG_COMPILER_APPICON_NAME = AppIcon;
				INFOPLIST_FILE = bloodApp/Info.plist;
				LD_RUNPATH_SEARCH_PATHS = "$(inherited) @executable_path/Frameworks";
				PRODUCT_BUNDLE_IDENTIFIER = com.unitybees.bloodApp;
				PRODUCT_NAME = "$(TARGET_NAME)";
			};
			name = Release;
		};
/* End XCBuildConfiguration section */

/* Begin XCConfigurationList section */
		C5EE516E1DC1D97B004BD326 /* Build configuration list for PBXProject "bloodApp" */ = {
			isa = XCConfigurationList;
			buildConfigurations = (
				C5EE51881DC1D981004BD326 /* Debug */,
				C5EE51891DC1D981004BD326 /* Release */,
			);
			defaultConfigurationIsVisible = 0;
			defaultConfigurationName = Release;
		};
		C5EE518A1DC1D981004BD326 /* Build configuration list for PBXNativeTarget "bloodApp" */ = {
			isa = XCConfigurationList;
			buildConfigurations = (
				C5EE518B1DC1D981004BD326 /* Debug */,
				C5EE518C1DC1D981004BD326 /* Release */,
			);
			defaultConfigurationIsVisible = 0;
			defaultConfigurationName = Release;
		};
/* End XCConfigurationList section */
	};
	rootObject = C5EE516B1DC1D97B004BD326 /* Project object */;
}
